
Microsoft Visual Studio Solution File, Format Version 12.00
# Visual Studio Version 17
VisualStudioVersion = 17.10.35027.167
MinimumVisualStudioVersion = 10.0.40219.1
Project("{FAE04EC0-301F-11D3-BF4B-00C04F79EFBC}") = "Reign of Grelok", "Reign of Grelok.csproj", "{DA680801-6BB5-44D6-8072-4FD112EF006D}"
EndProject
Global
	GlobalSection(SolutionConfigurationPlatforms) = preSolution
		Debug|Any CPU = Debug|Any CPU
		Release|Any CPU = Release|Any CPU
	EndGlobalSection
	GlobalSection(ProjectConfigurationPlatforms) = postSolution
		{DA680801-6BB5-44D6-8072-4FD112EF006D}.Debug|Any CPU.ActiveCfg = Debug|Any CPU
		{DA680801-6BB5-44D6-8072-4FD112EF006D}.Debug|Any CPU.Build.0 = Debug|Any CPU
		{DA680801-6BB5-44D6-8072-4FD112EF006D}.Release|Any CPU.ActiveCfg = Release|Any CPU
		{DA680801-6BB5-44D6-8072-4FD112EF006D}.Release|Any CPU.Build.0 = Release|Any CPU
	EndGlobalSection
	GlobalSection(SolutionProperties) = preSolution
		HideSolutionNode = FALSE
	EndGlobalSection
	GlobalSection(ExtensibilityGlobals) = postSolution
		SolutionGuid = {36752933-39C0-49DD-81AC-C241128A558A}
	EndGlobalSection
EndGlobal
